
Microsoft Visual Studio Solution File, Format Version 12.00
# Visual Studio Version 16
VisualStudioVersion = 16.0.29509.3
MinimumVisualStudioVersion = 10.0.40219.1
Project("{FAE04EC0-301F-11D3-BF4B-00C04F79EFBC}") = "TestApp.Android", "TestApp\TestApp.Android\TestApp.Android.csproj", "{3C31110C-E3BB-4CBD-B41D-E87BB46B0427}"
EndProject
Project("{9A19103F-16F7-4668-BE54-9A1E7A4F7556}") = "TestApp", "TestApp\TestApp\TestApp.csproj", "{37F51700-374E-4239-9556-4A50A6B5D91E}"
EndProject
Project("{FAE04EC0-301F-11D3-BF4B-00C04F79EFBC}") = "ColorPicker", "ColorPicker\ColorPicker\ColorPicker.csproj", "{59A82E0B-F09D-417A-BF9B-D2CB4B92274D}"
EndProject
Project("{FAE04EC0-301F-11D3-BF4B-00C04F79EFBC}") = "ColorPicker.Android", "ColorPicker\ColorPicker.Android\ColorPicker.Android.csproj", "{00AD97C9-A424-49A8-85C2-EA7499595B97}"
EndProject
Global
	GlobalSection(SolutionConfigurationPlatforms) = preSolution
		Debug|Any CPU = Debug|Any CPU
		Debug|iPhone = Debug|iPhone
		Debug|iPhoneSimulator = Debug|iPhoneSimulator
		Release|Any CPU = Release|Any CPU
		Release|iPhone = Release|iPhone
		Release|iPhoneSimulator = Release|iPhoneSimulator
	EndGlobalSection
	GlobalSection(ProjectConfigurationPlatforms) = postSolution
		{3C31110C-E3BB-4CBD-B41D-E87BB46B0427}.Debug|Any CPU.ActiveCfg = Debug|Any CPU
		{3C31110C-E3BB-4CBD-B41D-E87BB46B0427}.Debug|Any CPU.Build.0 = Debug|Any CPU
		{3C31110C-E3BB-4CBD-B41D-E87BB46B0427}.Debug|Any CPU.Deploy.0 = Debug|Any CPU
		{3C31110C-E3BB-4CBD-B41D-E87BB46B0427}.Debug|iPhone.ActiveCfg = Debug|Any CPU
		{3C31110C-E3BB-4CBD-B41D-E87BB46B0427}.Debug|iPhone.Build.0 = Debug|Any CPU
		{3C31110C-E3BB-4CBD-B41D-E87BB46B0427}.Debug|iPhone.Deploy.0 = Debug|Any CPU
		{3C31110C-E3BB-4CBD-B41D-E87BB46B0427}.Debug|iPhoneSimulator.ActiveCfg = Debug|Any CPU
		{3C31110C-E3BB-4CBD-B41D-E87BB46B0427}.Debug|iPhoneSimulator.Build.0 = Debug|Any CPU
		{3C31110C-E3BB-4CBD-B41D-E87BB46B0427}.Debug|iPhoneSimulator.Deploy.0 = Debug|Any CPU
		{3C31110C-E3BB-4CBD-B41D-E87BB46B0427}.Release|Any CPU.ActiveCfg = Release|Any CPU
		{3C31110C-E3BB-4CBD-B41D-E87BB46B0427}.Release|Any CPU.Build.0 = Release|Any CPU
		{3C31110C-E3BB-4CBD-B41D-E87BB46B0427}.Release|Any CPU.Deploy.0 = Release|Any CPU
		{3C31110C-E3BB-4CBD-B41D-E87BB46B0427}.Release|iPhone.ActiveCfg = Release|Any CPU
		{3C31110C-E3BB-4CBD-B41D-E87BB46B0427}.Release|iPhone.Build.0 = Release|Any CPU
		{3C31110C-E3BB-4CBD-B41D-E87BB46B0427}.Release|iPhone.Deploy.0 = Release|Any CPU
		{3C31110C-E3BB-4CBD-B41D-E87BB46B0427}.Release|iPhoneSimulator.ActiveCfg = Release|Any CPU
		{3C31110C-E3BB-4CBD-B41D-E87BB46B0427}.Release|iPhoneSimulator.Build.0 = Release|Any CPU
		{3C31110C-E3BB-4CBD-B41D-E87BB46B0427}.Release|iPhoneSimulator.Deploy.0 = Release|Any CPU
		{37F51700-374E-4239-9556-4A50A6B5D91E}.Debug|Any CPU.ActiveCfg = Debug|Any CPU
		{37F51700-374E-4239-9556-4A50A6B5D91E}.Debug|Any CPU.Build.0 = Debug|Any CPU
		{37F51700-374E-4239-9556-4A50A6B5D91E}.Debug|Any CPU.Deploy.0 = Debug|Any CPU
		{37F51700-374E-4239-9556-4A50A6B5D91E}.Debug|iPhone.ActiveCfg = Debug|Any CPU
		{37F51700-374E-4239-9556-4A50A6B5D91E}.Debug|iPhone.Build.0 = Debug|Any CPU
		{37F51700-374E-4239-9556-4A50A6B5D91E}.Debug|iPhoneSimulator.ActiveCfg = Debug|Any CPU
		{37F51700-374E-4239-9556-4A50A6B5D91E}.Debug|iPhoneSimulator.Build.0 = Debug|Any CPU
		{37F51700-374E-4239-9556-4A50A6B5D91E}.Release|Any CPU.ActiveCfg = Release|Any CPU
		{37F51700-374E-4239-9556-4A50A6B5D91E}.Release|Any CPU.Build.0 = Release|Any CPU
		{37F51700-374E-4239-9556-4A50A6B5D91E}.Release|Any CPU.Deploy.0 = Release|Any CPU
		{37F51700-374E-4239-9556-4A50A6B5D91E}.Release|iPhone.ActiveCfg = Release|Any CPU
		{37F51700-374E-4239-9556-4A50A6B5D91E}.Release|iPhone.Build.0 = Release|Any CPU
		{37F51700-374E-4239-9556-4A50A6B5D91E}.Release|iPhoneSimulator.ActiveCfg = Release|Any CPU
		{37F51700-374E-4239-9556-4A50A6B5D91E}.Release|iPhoneSimulator.Build.0 = Release|Any CPU
		{59A82E0B-F09D-417A-BF9B-D2CB4B92274D}.Debug|Any CPU.ActiveCfg = Debug|Any CPU
		{59A82E0B-F09D-417A-BF9B-D2CB4B92274D}.Debug|Any CPU.Build.0 = Debug|Any CPU
		{59A82E0B-F09D-417A-BF9B-D2CB4B92274D}.Debug|iPhone.ActiveCfg = Debug|Any CPU
		{59A82E0B-F09D-417A-BF9B-D2CB4B92274D}.Debug|iPhone.Build.0 = Debug|Any CPU
		{59A82E0B-F09D-417A-BF9B-D2CB4B92274D}.Debug|iPhoneSimulator.ActiveCfg = Debug|Any CPU
		{59A82E0B-F09D-417A-BF9B-D2CB4B92274D}.Debug|iPhoneSimulator.Build.0 = Debug|Any CPU
		{59A82E0B-F09D-417A-BF9B-D2CB4B92274D}.Release|Any CPU.ActiveCfg = Release|Any CPU
		{59A82E0B-F09D-417A-BF9B-D2CB4B92274D}.Release|Any CPU.Build.0 = Release|Any CPU
		{59A82E0B-F09D-417A-BF9B-D2CB4B92274D}.Release|iPhone.ActiveCfg = Release|Any CPU
		{59A82E0B-F09D-417A-BF9B-D2CB4B92274D}.Release|iPhone.Build.0 = Release|Any CPU
		{59A82E0B-F09D-417A-BF9B-D2CB4B92274D}.Release|iPhoneSimulator.ActiveCfg = Release|Any CPU
		{59A82E0B-F09D-417A-BF9B-D2CB4B92274D}.Release|iPhoneSimulator.Build.0 = Release|Any CPU
		{00AD97C9-A424-49A8-85C2-EA7499595B97}.Debug|Any CPU.ActiveCfg = Debug|Any CPU
		{00AD97C9-A424-49A8-85C2-EA7499595B97}.Debug|Any CPU.Build.0 = Debug|Any CPU
		{00AD97C9-A424-49A8-85C2-EA7499595B97}.Debug|iPhone.ActiveCfg = Debug|Any CPU
		{00AD97C9-A424-49A8-85C2-EA7499595B97}.Debug|iPhone.Build.0 = Debug|Any CPU
		{00AD97C9-A424-49A8-85C2-EA7499595B97}.Debug|iPhoneSimulator.ActiveCfg = Debug|Any CPU
		{00AD97C9-A424-49A8-85C2-EA7499595B97}.Debug|iPhoneSimulator.Build.0 = Debug|Any CPU
		{00AD97C9-A424-49A8-85C2-EA7499595B97}.Release|Any CPU.ActiveCfg = Release|Any CPU
		{00AD97C9-A424-49A8-85C2-EA7499595B97}.Release|Any CPU.Build.0 = Release|Any CPU
		{00AD97C9-A424-49A8-85C2-EA7499595B97}.Release|iPhone.ActiveCfg = Release|Any CPU
		{00AD97C9-A424-49A8-85C2-EA7499595B97}.Release|iPhone.Build.0 = Release|Any CPU
		{00AD97C9-A424-49A8-85C2-EA7499595B97}.Release|iPhoneSimulator.ActiveCfg = Release|Any CPU
		{00AD97C9-A424-49A8-85C2-EA7499595B97}.Release|iPhoneSimulator.Build.0 = Release|Any CPU
	EndGlobalSection
	GlobalSection(SolutionProperties) = preSolution
		HideSolutionNode = FALSE
	EndGlobalSection
	GlobalSection(ExtensibilityGlobals) = postSolution
		SolutionGuid = {50DF6EA3-020A-4472-8B3D-91971372697B}
	EndGlobalSection
EndGlobal
