
Microsoft Visual Studio Solution File, Format Version 12.00
# Visual Studio Version 16
VisualStudioVersion = 16.0.29519.87
MinimumVisualStudioVersion = 10.0.40219.1
Project("{FAE04EC0-301F-11D3-BF4B-00C04F79EFBC}") = "TestApp.Android", "TestApp\TestApp.Android\TestApp.Android.csproj", "{8A1DEC3B-F625-429B-B125-455AEE7BC1B2}"
EndProject
Project("{FAE04EC0-301F-11D3-BF4B-00C04F79EFBC}") = "TestApp.iOS", "TestApp\TestApp.iOS\TestApp.iOS.csproj", "{CCFBC78C-B1DE-43C8-A5C8-B0B6FDBD9B4D}"
EndProject
Project("{9A19103F-16F7-4668-BE54-9A1E7A4F7556}") = "TestApp", "TestApp\TestApp\TestApp.csproj", "{AD36A49D-68F1-4077-82FC-CA25EAA5F0F8}"
EndProject
Project("{9A19103F-16F7-4668-BE54-9A1E7A4F7556}") = "ColorPicker", "ColorPicker\ColorPicker\ColorPicker.csproj", "{E85189DF-5EE1-4463-AA6D-F913D2BDCD26}"
EndProject
Project("{FAE04EC0-301F-11D3-BF4B-00C04F79EFBC}") = "ColorPicker.Android", "ColorPicker\ColorPicker.Android\ColorPicker.Android.csproj", "{11A80FB2-045C-4DB3-884C-908EF24EDD0B}"
EndProject
Project("{FAE04EC0-301F-11D3-BF4B-00C04F79EFBC}") = "ColorPicker.iOS", "ColorPicker\ColorPicker.iOS\ColorPicker.iOS.csproj", "{656CD692-9619-4C06-8623-D88D71615210}"
EndProject
Global
	GlobalSection(SolutionConfigurationPlatforms) = preSolution
		Ad-Hoc|Any CPU = Ad-Hoc|Any CPU
		Ad-Hoc|iPhone = Ad-Hoc|iPhone
		Ad-Hoc|iPhoneSimulator = Ad-Hoc|iPhoneSimulator
		AppStore|Any CPU = AppStore|Any CPU
		AppStore|iPhone = AppStore|iPhone
		AppStore|iPhoneSimulator = AppStore|iPhoneSimulator
		Debug|Any CPU = Debug|Any CPU
		Debug|iPhone = Debug|iPhone
		Debug|iPhoneSimulator = Debug|iPhoneSimulator
		Release|Any CPU = Release|Any CPU
		Release|iPhone = Release|iPhone
		Release|iPhoneSimulator = Release|iPhoneSimulator
	EndGlobalSection
	GlobalSection(ProjectConfigurationPlatforms) = postSolution
		{8A1DEC3B-F625-429B-B125-455AEE7BC1B2}.Ad-Hoc|Any CPU.ActiveCfg = Release|Any CPU
		{8A1DEC3B-F625-429B-B125-455AEE7BC1B2}.Ad-Hoc|Any CPU.Build.0 = Release|Any CPU
		{8A1DEC3B-F625-429B-B125-455AEE7BC1B2}.Ad-Hoc|Any CPU.Deploy.0 = Release|Any CPU
		{8A1DEC3B-F625-429B-B125-455AEE7BC1B2}.Ad-Hoc|iPhone.ActiveCfg = Release|Any CPU
		{8A1DEC3B-F625-429B-B125-455AEE7BC1B2}.Ad-Hoc|iPhone.Build.0 = Release|Any CPU
		{8A1DEC3B-F625-429B-B125-455AEE7BC1B2}.Ad-Hoc|iPhone.Deploy.0 = Release|Any CPU
		{8A1DEC3B-F625-429B-B125-455AEE7BC1B2}.Ad-Hoc|iPhoneSimulator.ActiveCfg = Release|Any CPU
		{8A1DEC3B-F625-429B-B125-455AEE7BC1B2}.Ad-Hoc|iPhoneSimulator.Build.0 = Release|Any CPU
		{8A1DEC3B-F625-429B-B125-455AEE7BC1B2}.Ad-Hoc|iPhoneSimulator.Deploy.0 = Release|Any CPU
		{8A1DEC3B-F625-429B-B125-455AEE7BC1B2}.AppStore|Any CPU.ActiveCfg = Release|Any CPU
		{8A1DEC3B-F625-429B-B125-455AEE7BC1B2}.AppStore|Any CPU.Build.0 = Release|Any CPU
		{8A1DEC3B-F625-429B-B125-455AEE7BC1B2}.AppStore|Any CPU.Deploy.0 = Release|Any CPU
		{8A1DEC3B-F625-429B-B125-455AEE7BC1B2}.AppStore|iPhone.ActiveCfg = Release|Any CPU
		{8A1DEC3B-F625-429B-B125-455AEE7BC1B2}.AppStore|iPhone.Build.0 = Release|Any CPU
		{8A1DEC3B-F625-429B-B125-455AEE7BC1B2}.AppStore|iPhone.Deploy.0 = Release|Any CPU
		{8A1DEC3B-F625-429B-B125-455AEE7BC1B2}.AppStore|iPhoneSimulator.ActiveCfg = Release|Any CPU
		{8A1DEC3B-F625-429B-B125-455AEE7BC1B2}.AppStore|iPhoneSimulator.Build.0 = Release|Any CPU
		{8A1DEC3B-F625-429B-B125-455AEE7BC1B2}.AppStore|iPhoneSimulator.Deploy.0 = Release|Any CPU
		{8A1DEC3B-F625-429B-B125-455AEE7BC1B2}.Debug|Any CPU.ActiveCfg = Debug|Any CPU
		{8A1DEC3B-F625-429B-B125-455AEE7BC1B2}.Debug|Any CPU.Build.0 = Debug|Any CPU
		{8A1DEC3B-F625-429B-B125-455AEE7BC1B2}.Debug|Any CPU.Deploy.0 = Debug|Any CPU
		{8A1DEC3B-F625-429B-B125-455AEE7BC1B2}.Debug|iPhone.ActiveCfg = Debug|Any CPU
		{8A1DEC3B-F625-429B-B125-455AEE7BC1B2}.Debug|iPhone.Build.0 = Debug|Any CPU
		{8A1DEC3B-F625-429B-B125-455AEE7BC1B2}.Debug|iPhone.Deploy.0 = Debug|Any CPU
		{8A1DEC3B-F625-429B-B125-455AEE7BC1B2}.Debug|iPhoneSimulator.ActiveCfg = Debug|Any CPU
		{8A1DEC3B-F625-429B-B125-455AEE7BC1B2}.Debug|iPhoneSimulator.Build.0 = Debug|Any CPU
		{8A1DEC3B-F625-429B-B125-455AEE7BC1B2}.Debug|iPhoneSimulator.Deploy.0 = Debug|Any CPU
		{8A1DEC3B-F625-429B-B125-455AEE7BC1B2}.Release|Any CPU.ActiveCfg = Release|Any CPU
		{8A1DEC3B-F625-429B-B125-455AEE7BC1B2}.Release|Any CPU.Build.0 = Release|Any CPU
		{8A1DEC3B-F625-429B-B125-455AEE7BC1B2}.Release|Any CPU.Deploy.0 = Release|Any CPU
		{8A1DEC3B-F625-429B-B125-455AEE7BC1B2}.Release|iPhone.ActiveCfg = Release|Any CPU
		{8A1DEC3B-F625-429B-B125-455AEE7BC1B2}.Release|iPhone.Build.0 = Release|Any CPU
		{8A1DEC3B-F625-429B-B125-455AEE7BC1B2}.Release|iPhone.Deploy.0 = Release|Any CPU
		{8A1DEC3B-F625-429B-B125-455AEE7BC1B2}.Release|iPhoneSimulator.ActiveCfg = Release|Any CPU
		{8A1DEC3B-F625-429B-B125-455AEE7BC1B2}.Release|iPhoneSimulator.Build.0 = Release|Any CPU
		{8A1DEC3B-F625-429B-B125-455AEE7BC1B2}.Release|iPhoneSimulator.Deploy.0 = Release|Any CPU
		{CCFBC78C-B1DE-43C8-A5C8-B0B6FDBD9B4D}.Ad-Hoc|Any CPU.ActiveCfg = Release|iPhoneSimulator
		{CCFBC78C-B1DE-43C8-A5C8-B0B6FDBD9B4D}.Ad-Hoc|Any CPU.Build.0 = Release|iPhoneSimulator
		{CCFBC78C-B1DE-43C8-A5C8-B0B6FDBD9B4D}.Ad-Hoc|iPhone.ActiveCfg = Release|iPhone
		{CCFBC78C-B1DE-43C8-A5C8-B0B6FDBD9B4D}.Ad-Hoc|iPhone.Build.0 = Release|iPhone
		{CCFBC78C-B1DE-43C8-A5C8-B0B6FDBD9B4D}.Ad-Hoc|iPhoneSimulator.ActiveCfg = Release|iPhoneSimulator
		{CCFBC78C-B1DE-43C8-A5C8-B0B6FDBD9B4D}.Ad-Hoc|iPhoneSimulator.Build.0 = Release|iPhoneSimulator
		{CCFBC78C-B1DE-43C8-A5C8-B0B6FDBD9B4D}.AppStore|Any CPU.ActiveCfg = Release|iPhoneSimulator
		{CCFBC78C-B1DE-43C8-A5C8-B0B6FDBD9B4D}.AppStore|Any CPU.Build.0 = Release|iPhoneSimulator
		{CCFBC78C-B1DE-43C8-A5C8-B0B6FDBD9B4D}.AppStore|iPhone.ActiveCfg = Release|iPhone
		{CCFBC78C-B1DE-43C8-A5C8-B0B6FDBD9B4D}.AppStore|iPhone.Build.0 = Release|iPhone
		{CCFBC78C-B1DE-43C8-A5C8-B0B6FDBD9B4D}.AppStore|iPhoneSimulator.ActiveCfg = Release|iPhoneSimulator
		{CCFBC78C-B1DE-43C8-A5C8-B0B6FDBD9B4D}.AppStore|iPhoneSimulator.Build.0 = Release|iPhoneSimulator
		{CCFBC78C-B1DE-43C8-A5C8-B0B6FDBD9B4D}.Debug|Any CPU.ActiveCfg = Debug|iPhoneSimulator
		{CCFBC78C-B1DE-43C8-A5C8-B0B6FDBD9B4D}.Debug|Any CPU.Build.0 = Debug|iPhoneSimulator
		{CCFBC78C-B1DE-43C8-A5C8-B0B6FDBD9B4D}.Debug|Any CPU.Deploy.0 = Debug|iPhoneSimulator
		{CCFBC78C-B1DE-43C8-A5C8-B0B6FDBD9B4D}.Debug|iPhone.ActiveCfg = Debug|iPhone
		{CCFBC78C-B1DE-43C8-A5C8-B0B6FDBD9B4D}.Debug|iPhone.Build.0 = Debug|iPhone
		{CCFBC78C-B1DE-43C8-A5C8-B0B6FDBD9B4D}.Debug|iPhone.Deploy.0 = Debug|iPhone
		{CCFBC78C-B1DE-43C8-A5C8-B0B6FDBD9B4D}.Debug|iPhoneSimulator.ActiveCfg = Debug|iPhoneSimulator
		{CCFBC78C-B1DE-43C8-A5C8-B0B6FDBD9B4D}.Debug|iPhoneSimulator.Build.0 = Debug|iPhoneSimulator
		{CCFBC78C-B1DE-43C8-A5C8-B0B6FDBD9B4D}.Debug|iPhoneSimulator.Deploy.0 = Debug|iPhoneSimulator
		{CCFBC78C-B1DE-43C8-A5C8-B0B6FDBD9B4D}.Release|Any CPU.ActiveCfg = Release|iPhone
		{CCFBC78C-B1DE-43C8-A5C8-B0B6FDBD9B4D}.Release|Any CPU.Build.0 = Release|iPhone
		{CCFBC78C-B1DE-43C8-A5C8-B0B6FDBD9B4D}.Release|Any CPU.Deploy.0 = Release|iPhone
		{CCFBC78C-B1DE-43C8-A5C8-B0B6FDBD9B4D}.Release|iPhone.ActiveCfg = Release|iPhone
		{CCFBC78C-B1DE-43C8-A5C8-B0B6FDBD9B4D}.Release|iPhone.Build.0 = Release|iPhone
		{CCFBC78C-B1DE-43C8-A5C8-B0B6FDBD9B4D}.Release|iPhone.Deploy.0 = Release|iPhone
		{CCFBC78C-B1DE-43C8-A5C8-B0B6FDBD9B4D}.Release|iPhoneSimulator.ActiveCfg = Release|iPhoneSimulator
		{CCFBC78C-B1DE-43C8-A5C8-B0B6FDBD9B4D}.Release|iPhoneSimulator.Build.0 = Release|iPhoneSimulator
		{CCFBC78C-B1DE-43C8-A5C8-B0B6FDBD9B4D}.Release|iPhoneSimulator.Deploy.0 = Release|iPhoneSimulator
		{AD36A49D-68F1-4077-82FC-CA25EAA5F0F8}.Ad-Hoc|Any CPU.ActiveCfg = Release|Any CPU
		{AD36A49D-68F1-4077-82FC-CA25EAA5F0F8}.Ad-Hoc|Any CPU.Build.0 = Release|Any CPU
		{AD36A49D-68F1-4077-82FC-CA25EAA5F0F8}.Ad-Hoc|iPhone.ActiveCfg = Release|Any CPU
		{AD36A49D-68F1-4077-82FC-CA25EAA5F0F8}.Ad-Hoc|iPhone.Build.0 = Release|Any CPU
		{AD36A49D-68F1-4077-82FC-CA25EAA5F0F8}.Ad-Hoc|iPhoneSimulator.ActiveCfg = Release|Any CPU
		{AD36A49D-68F1-4077-82FC-CA25EAA5F0F8}.Ad-Hoc|iPhoneSimulator.Build.0 = Release|Any CPU
		{AD36A49D-68F1-4077-82FC-CA25EAA5F0F8}.AppStore|Any CPU.ActiveCfg = Release|Any CPU
		{AD36A49D-68F1-4077-82FC-CA25EAA5F0F8}.AppStore|Any CPU.Build.0 = Release|Any CPU
		{AD36A49D-68F1-4077-82FC-CA25EAA5F0F8}.AppStore|iPhone.ActiveCfg = Release|Any CPU
		{AD36A49D-68F1-4077-82FC-CA25EAA5F0F8}.AppStore|iPhone.Build.0 = Release|Any CPU
		{AD36A49D-68F1-4077-82FC-CA25EAA5F0F8}.AppStore|iPhoneSimulator.ActiveCfg = Release|Any CPU
		{AD36A49D-68F1-4077-82FC-CA25EAA5F0F8}.AppStore|iPhoneSimulator.Build.0 = Release|Any CPU
		{AD36A49D-68F1-4077-82FC-CA25EAA5F0F8}.Debug|Any CPU.ActiveCfg = Debug|Any CPU
		{AD36A49D-68F1-4077-82FC-CA25EAA5F0F8}.Debug|Any CPU.Build.0 = Debug|Any CPU
		{AD36A49D-68F1-4077-82FC-CA25EAA5F0F8}.Debug|Any CPU.Deploy.0 = Debug|Any CPU
		{AD36A49D-68F1-4077-82FC-CA25EAA5F0F8}.Debug|iPhone.ActiveCfg = Debug|Any CPU
		{AD36A49D-68F1-4077-82FC-CA25EAA5F0F8}.Debug|iPhone.Build.0 = Debug|Any CPU
		{AD36A49D-68F1-4077-82FC-CA25EAA5F0F8}.Debug|iPhone.Deploy.0 = Debug|Any CPU
		{AD36A49D-68F1-4077-82FC-CA25EAA5F0F8}.Debug|iPhoneSimulator.ActiveCfg = Debug|Any CPU
		{AD36A49D-68F1-4077-82FC-CA25EAA5F0F8}.Debug|iPhoneSimulator.Build.0 = Debug|Any CPU
		{AD36A49D-68F1-4077-82FC-CA25EAA5F0F8}.Debug|iPhoneSimulator.Deploy.0 = Debug|Any CPU
		{AD36A49D-68F1-4077-82FC-CA25EAA5F0F8}.Release|Any CPU.ActiveCfg = Release|Any CPU
		{AD36A49D-68F1-4077-82FC-CA25EAA5F0F8}.Release|Any CPU.Build.0 = Release|Any CPU
		{AD36A49D-68F1-4077-82FC-CA25EAA5F0F8}.Release|Any CPU.Deploy.0 = Release|Any CPU
		{AD36A49D-68F1-4077-82FC-CA25EAA5F0F8}.Release|iPhone.ActiveCfg = Release|Any CPU
		{AD36A49D-68F1-4077-82FC-CA25EAA5F0F8}.Release|iPhone.Build.0 = Release|Any CPU
		{AD36A49D-68F1-4077-82FC-CA25EAA5F0F8}.Release|iPhone.Deploy.0 = Release|Any CPU
		{AD36A49D-68F1-4077-82FC-CA25EAA5F0F8}.Release|iPhoneSimulator.ActiveCfg = Release|Any CPU
		{AD36A49D-68F1-4077-82FC-CA25EAA5F0F8}.Release|iPhoneSimulator.Build.0 = Release|Any CPU
		{AD36A49D-68F1-4077-82FC-CA25EAA5F0F8}.Release|iPhoneSimulator.Deploy.0 = Release|Any CPU
		{E85189DF-5EE1-4463-AA6D-F913D2BDCD26}.Ad-Hoc|Any CPU.ActiveCfg = Release|Any CPU
		{E85189DF-5EE1-4463-AA6D-F913D2BDCD26}.Ad-Hoc|Any CPU.Build.0 = Release|Any CPU
		{E85189DF-5EE1-4463-AA6D-F913D2BDCD26}.Ad-Hoc|iPhone.ActiveCfg = Release|Any CPU
		{E85189DF-5EE1-4463-AA6D-F913D2BDCD26}.Ad-Hoc|iPhone.Build.0 = Release|Any CPU
		{E85189DF-5EE1-4463-AA6D-F913D2BDCD26}.Ad-Hoc|iPhoneSimulator.ActiveCfg = Release|Any CPU
		{E85189DF-5EE1-4463-AA6D-F913D2BDCD26}.Ad-Hoc|iPhoneSimulator.Build.0 = Release|Any CPU
		{E85189DF-5EE1-4463-AA6D-F913D2BDCD26}.AppStore|Any CPU.ActiveCfg = Release|Any CPU
		{E85189DF-5EE1-4463-AA6D-F913D2BDCD26}.AppStore|Any CPU.Build.0 = Release|Any CPU
		{E85189DF-5EE1-4463-AA6D-F913D2BDCD26}.AppStore|iPhone.ActiveCfg = Release|Any CPU
		{E85189DF-5EE1-4463-AA6D-F913D2BDCD26}.AppStore|iPhone.Build.0 = Release|Any CPU
		{E85189DF-5EE1-4463-AA6D-F913D2BDCD26}.AppStore|iPhoneSimulator.ActiveCfg = Release|Any CPU
		{E85189DF-5EE1-4463-AA6D-F913D2BDCD26}.AppStore|iPhoneSimulator.Build.0 = Release|Any CPU
		{E85189DF-5EE1-4463-AA6D-F913D2BDCD26}.Debug|Any CPU.ActiveCfg = Debug|Any CPU
		{E85189DF-5EE1-4463-AA6D-F913D2BDCD26}.Debug|Any CPU.Build.0 = Debug|Any CPU
		{E85189DF-5EE1-4463-AA6D-F913D2BDCD26}.Debug|iPhone.ActiveCfg = Debug|Any CPU
		{E85189DF-5EE1-4463-AA6D-F913D2BDCD26}.Debug|iPhone.Build.0 = Debug|Any CPU
		{E85189DF-5EE1-4463-AA6D-F913D2BDCD26}.Debug|iPhoneSimulator.ActiveCfg = Debug|Any CPU
		{E85189DF-5EE1-4463-AA6D-F913D2BDCD26}.Debug|iPhoneSimulator.Build.0 = Debug|Any CPU
		{E85189DF-5EE1-4463-AA6D-F913D2BDCD26}.Release|Any CPU.ActiveCfg = Release|Any CPU
		{E85189DF-5EE1-4463-AA6D-F913D2BDCD26}.Release|Any CPU.Build.0 = Release|Any CPU
		{E85189DF-5EE1-4463-AA6D-F913D2BDCD26}.Release|iPhone.ActiveCfg = Release|Any CPU
		{E85189DF-5EE1-4463-AA6D-F913D2BDCD26}.Release|iPhone.Build.0 = Release|Any CPU
		{E85189DF-5EE1-4463-AA6D-F913D2BDCD26}.Release|iPhoneSimulator.ActiveCfg = Release|Any CPU
		{E85189DF-5EE1-4463-AA6D-F913D2BDCD26}.Release|iPhoneSimulator.Build.0 = Release|Any CPU
		{11A80FB2-045C-4DB3-884C-908EF24EDD0B}.Ad-Hoc|Any CPU.ActiveCfg = Release|Any CPU
		{11A80FB2-045C-4DB3-884C-908EF24EDD0B}.Ad-Hoc|Any CPU.Build.0 = Release|Any CPU
		{11A80FB2-045C-4DB3-884C-908EF24EDD0B}.Ad-Hoc|iPhone.ActiveCfg = Release|Any CPU
		{11A80FB2-045C-4DB3-884C-908EF24EDD0B}.Ad-Hoc|iPhone.Build.0 = Release|Any CPU
		{11A80FB2-045C-4DB3-884C-908EF24EDD0B}.Ad-Hoc|iPhoneSimulator.ActiveCfg = Release|Any CPU
		{11A80FB2-045C-4DB3-884C-908EF24EDD0B}.Ad-Hoc|iPhoneSimulator.Build.0 = Release|Any CPU
		{11A80FB2-045C-4DB3-884C-908EF24EDD0B}.AppStore|Any CPU.ActiveCfg = Release|Any CPU
		{11A80FB2-045C-4DB3-884C-908EF24EDD0B}.AppStore|Any CPU.Build.0 = Release|Any CPU
		{11A80FB2-045C-4DB3-884C-908EF24EDD0B}.AppStore|iPhone.ActiveCfg = Release|Any CPU
		{11A80FB2-045C-4DB3-884C-908EF24EDD0B}.AppStore|iPhone.Build.0 = Release|Any CPU
		{11A80FB2-045C-4DB3-884C-908EF24EDD0B}.AppStore|iPhoneSimulator.ActiveCfg = Release|Any CPU
		{11A80FB2-045C-4DB3-884C-908EF24EDD0B}.AppStore|iPhoneSimulator.Build.0 = Release|Any CPU
		{11A80FB2-045C-4DB3-884C-908EF24EDD0B}.Debug|Any CPU.ActiveCfg = Debug|Any CPU
		{11A80FB2-045C-4DB3-884C-908EF24EDD0B}.Debug|Any CPU.Build.0 = Debug|Any CPU
		{11A80FB2-045C-4DB3-884C-908EF24EDD0B}.Debug|iPhone.ActiveCfg = Debug|Any CPU
		{11A80FB2-045C-4DB3-884C-908EF24EDD0B}.Debug|iPhone.Build.0 = Debug|Any CPU
		{11A80FB2-045C-4DB3-884C-908EF24EDD0B}.Debug|iPhoneSimulator.ActiveCfg = Debug|Any CPU
		{11A80FB2-045C-4DB3-884C-908EF24EDD0B}.Debug|iPhoneSimulator.Build.0 = Debug|Any CPU
		{11A80FB2-045C-4DB3-884C-908EF24EDD0B}.Release|Any CPU.ActiveCfg = Release|Any CPU
		{11A80FB2-045C-4DB3-884C-908EF24EDD0B}.Release|Any CPU.Build.0 = Release|Any CPU
		{11A80FB2-045C-4DB3-884C-908EF24EDD0B}.Release|iPhone.ActiveCfg = Release|Any CPU
		{11A80FB2-045C-4DB3-884C-908EF24EDD0B}.Release|iPhone.Build.0 = Release|Any CPU
		{11A80FB2-045C-4DB3-884C-908EF24EDD0B}.Release|iPhoneSimulator.ActiveCfg = Release|Any CPU
		{11A80FB2-045C-4DB3-884C-908EF24EDD0B}.Release|iPhoneSimulator.Build.0 = Release|Any CPU
		{656CD692-9619-4C06-8623-D88D71615210}.Ad-Hoc|Any CPU.ActiveCfg = Release|Any CPU
		{656CD692-9619-4C06-8623-D88D71615210}.Ad-Hoc|Any CPU.Build.0 = Release|Any CPU
		{656CD692-9619-4C06-8623-D88D71615210}.Ad-Hoc|iPhone.ActiveCfg = Release|Any CPU
		{656CD692-9619-4C06-8623-D88D71615210}.Ad-Hoc|iPhone.Build.0 = Release|Any CPU
		{656CD692-9619-4C06-8623-D88D71615210}.Ad-Hoc|iPhoneSimulator.ActiveCfg = Release|Any CPU
		{656CD692-9619-4C06-8623-D88D71615210}.Ad-Hoc|iPhoneSimulator.Build.0 = Release|Any CPU
		{656CD692-9619-4C06-8623-D88D71615210}.AppStore|Any CPU.ActiveCfg = Release|Any CPU
		{656CD692-9619-4C06-8623-D88D71615210}.AppStore|Any CPU.Build.0 = Release|Any CPU
		{656CD692-9619-4C06-8623-D88D71615210}.AppStore|iPhone.ActiveCfg = Release|Any CPU
		{656CD692-9619-4C06-8623-D88D71615210}.AppStore|iPhone.Build.0 = Release|Any CPU
		{656CD692-9619-4C06-8623-D88D71615210}.AppStore|iPhoneSimulator.ActiveCfg = Release|Any CPU
		{656CD692-9619-4C06-8623-D88D71615210}.AppStore|iPhoneSimulator.Build.0 = Release|Any CPU
		{656CD692-9619-4C06-8623-D88D71615210}.Debug|Any CPU.ActiveCfg = Debug|Any CPU
		{656CD692-9619-4C06-8623-D88D71615210}.Debug|Any CPU.Build.0 = Debug|Any CPU
		{656CD692-9619-4C06-8623-D88D71615210}.Debug|iPhone.ActiveCfg = Debug|Any CPU
		{656CD692-9619-4C06-8623-D88D71615210}.Debug|iPhone.Build.0 = Debug|Any CPU
		{656CD692-9619-4C06-8623-D88D71615210}.Debug|iPhoneSimulator.ActiveCfg = Debug|Any CPU
		{656CD692-9619-4C06-8623-D88D71615210}.Debug|iPhoneSimulator.Build.0 = Debug|Any CPU
		{656CD692-9619-4C06-8623-D88D71615210}.Release|Any CPU.ActiveCfg = Release|Any CPU
		{656CD692-9619-4C06-8623-D88D71615210}.Release|Any CPU.Build.0 = Release|Any CPU
		{656CD692-9619-4C06-8623-D88D71615210}.Release|iPhone.ActiveCfg = Release|Any CPU
		{656CD692-9619-4C06-8623-D88D71615210}.Release|iPhone.Build.0 = Release|Any CPU
		{656CD692-9619-4C06-8623-D88D71615210}.Release|iPhoneSimulator.ActiveCfg = Release|Any CPU
		{656CD692-9619-4C06-8623-D88D71615210}.Release|iPhoneSimulator.Build.0 = Release|Any CPU
	EndGlobalSection
	GlobalSection(SolutionProperties) = preSolution
		HideSolutionNode = FALSE
	EndGlobalSection
	GlobalSection(ExtensibilityGlobals) = postSolution
		SolutionGuid = {146DC5FB-E29B-48DD-9F6A-17193C484AB0}
	EndGlobalSection
EndGlobal
